
Microsoft Visual Studio Solution File, Format Version 12.00
# Visual Studio 14
VisualStudioVersion = 14.0.25420.1
MinimumVisualStudioVersion = 10.0.40219.1
Project("{FAE04EC0-301F-11D3-BF4B-00C04F79EFBC}") = "AsyncLogModuleSample", "AsyncLogModuleSample\AsyncLogModuleSample.csproj", "{3528264B-A626-400C-B5D0-0DC834C39CD1}"
EndProject
Project("{FAE04EC0-301F-11D3-BF4B-00C04F79EFBC}") = "AsyncLogModule", "AsyncLogModule\AsyncLogModule.csproj", "{C6AF0FDF-A182-4CEA-9313-35714D92E819}"
EndProject
Project("{FAE04EC0-301F-11D3-BF4B-00C04F79EFBC}") = "MultiThreadModule", "MultiThreadModule\MultiThreadModule.csproj", "{7B86E1D4-941C-4B65-B52A-B3AD44220875}"
EndProject
Global
	GlobalSection(SolutionConfigurationPlatforms) = preSolution
		Debug|Any CPU = Debug|Any CPU
		Release|Any CPU = Release|Any CPU
	EndGlobalSection
	GlobalSection(ProjectConfigurationPlatforms) = postSolution
		{3528264B-A626-400C-B5D0-0DC834C39CD1}.Debug|Any CPU.ActiveCfg = Debug|Any CPU
		{3528264B-A626-400C-B5D0-0DC834C39CD1}.Debug|Any CPU.Build.0 = Debug|Any CPU
		{3528264B-A626-400C-B5D0-0DC834C39CD1}.Release|Any CPU.ActiveCfg = Release|Any CPU
		{3528264B-A626-400C-B5D0-0DC834C39CD1}.Release|Any CPU.Build.0 = Release|Any CPU
		{C6AF0FDF-A182-4CEA-9313-35714D92E819}.Debug|Any CPU.ActiveCfg = Debug|Any CPU
		{C6AF0FDF-A182-4CEA-9313-35714D92E819}.Debug|Any CPU.Build.0 = Debug|Any CPU
		{C6AF0FDF-A182-4CEA-9313-35714D92E819}.Release|Any CPU.ActiveCfg = Release|Any CPU
		{C6AF0FDF-A182-4CEA-9313-35714D92E819}.Release|Any CPU.Build.0 = Release|Any CPU
		{7B86E1D4-941C-4B65-B52A-B3AD44220875}.Debug|Any CPU.ActiveCfg = Debug|Any CPU
		{7B86E1D4-941C-4B65-B52A-B3AD44220875}.Debug|Any CPU.Build.0 = Debug|Any CPU
		{7B86E1D4-941C-4B65-B52A-B3AD44220875}.Release|Any CPU.ActiveCfg = Release|Any CPU
		{7B86E1D4-941C-4B65-B52A-B3AD44220875}.Release|Any CPU.Build.0 = Release|Any CPU
	EndGlobalSection
	GlobalSection(SolutionProperties) = preSolution
		HideSolutionNode = FALSE
	EndGlobalSection
EndGlobal
